
Microsoft Visual Studio Solution File, Format Version 12.00
# Visual Studio Version 17
VisualStudioVersion = 17.9.34607.119
MinimumVisualStudioVersion = 10.0.40219.1
Project("{8BC9CEB8-8B4A-11D0-8D11-00A0C91BC942}") = "6_UDP_MULTICAST", "6_UDP_MULTICAST.vcxproj", "{58DE7FDB-ACA9-4AA7-8049-A1F9B395A02D}"
EndProject
Global
	GlobalSection(SolutionConfigurationPlatforms) = preSolution
		Debug|x64 = Debug|x64
		Debug|x86 = Debug|x86
		Release|x64 = Release|x64
		Release|x86 = Release|x86
	EndGlobalSection
	GlobalSection(ProjectConfigurationPlatforms) = postSolution
		{58DE7FDB-ACA9-4AA7-8049-A1F9B395A02D}.Debug|x64.ActiveCfg = Debug|x64
		{58DE7FDB-ACA9-4AA7-8049-A1F9B395A02D}.Debug|x64.Build.0 = Debug|x64
		{58DE7FDB-ACA9-4AA7-8049-A1F9B395A02D}.Debug|x86.ActiveCfg = Debug|Win32
		{58DE7FDB-ACA9-4AA7-8049-A1F9B395A02D}.Debug|x86.Build.0 = Debug|Win32
		{58DE7FDB-ACA9-4AA7-8049-A1F9B395A02D}.Release|x64.ActiveCfg = Release|x64
		{58DE7FDB-ACA9-4AA7-8049-A1F9B395A02D}.Release|x64.Build.0 = Release|x64
		{58DE7FDB-ACA9-4AA7-8049-A1F9B395A02D}.Release|x86.ActiveCfg = Release|Win32
		{58DE7FDB-ACA9-4AA7-8049-A1F9B395A02D}.Release|x86.Build.0 = Release|Win32
	EndGlobalSection
	GlobalSection(SolutionProperties) = preSolution
		HideSolutionNode = FALSE
	EndGlobalSection
	GlobalSection(ExtensibilityGlobals) = postSolution
		SolutionGuid = {95AFB036-7EE4-4303-BE6F-D4F46AD16798}
	EndGlobalSection
EndGlobal
